
Microsoft Visual Studio Solution File, Format Version 12.00
# Visual Studio Version 17
VisualStudioVersion = 17.6.33723.286
MinimumVisualStudioVersion = 10.0.40219.1
Project("{FAE04EC0-301F-11D3-BF4B-00C04F79EFBC}") = "TestAPI", "TestAPI.csproj", "{3AA52167-7528-42F4-90D7-8E4E578B7291}"
EndProject
Global
	GlobalSection(SolutionConfigurationPlatforms) = preSolution
		Debug|Any CPU = Debug|Any CPU
		Release|Any CPU = Release|Any CPU
	EndGlobalSection
	GlobalSection(ProjectConfigurationPlatforms) = postSolution
		{3AA52167-7528-42F4-90D7-8E4E578B7291}.Debug|Any CPU.ActiveCfg = Debug|Any CPU
		{3AA52167-7528-42F4-90D7-8E4E578B7291}.Debug|Any CPU.Build.0 = Debug|Any CPU
		{3AA52167-7528-42F4-90D7-8E4E578B7291}.Release|Any CPU.ActiveCfg = Release|Any CPU
		{3AA52167-7528-42F4-90D7-8E4E578B7291}.Release|Any CPU.Build.0 = Release|Any CPU
	EndGlobalSection
	GlobalSection(SolutionProperties) = preSolution
		HideSolutionNode = FALSE
	EndGlobalSection
	GlobalSection(ExtensibilityGlobals) = postSolution
		SolutionGuid = {DB2001BC-6D3E-48F6-B5C1-ADD0CEB127C3}
	EndGlobalSection
EndGlobal
